// !$*UTF8*$!
{
	archiveVersion = 1;
	classes = {
	};
	objectVersion = 46;
	objects = {

/* Begin PBXBuildFile section */
		84E0D8EC1BDD4FBF000B3BA0 /* main.m in Sources */ = {isa = PBXBuildFile; fileRef = 84E0D8EB1BDD4FBF000B3BA0 /* main.m */; };
		84E0D8EF1BDD4FBF000B3BA0 /* AppDelegate.m in Sources */ = {isa = PBXBuildFile; fileRef = 84E0D8EE1BDD4FBF000B3BA0 /* AppDelegate.m */; };
		84E0D8F21BDD4FBF000B3BA0 /* ViewController.m in Sources */ = {isa = PBXBuildFile; fileRef = 84E0D8F11BDD4FBF000B3BA0 /* ViewController.m */; };
		84E0D8F51BDD4FBF000B3BA0 /* Main.storyboard in Resources */ = {isa = PBXBuildFile; fileRef = 84E0D8F31BDD4FBF000B3BA0 /* Main.storyboard */; };
		84E0D8F71BDD4FBF000B3BA0 /* Assets.xcassets in Resources */ = {isa = PBXBuildFile; fileRef = 84E0D8F61BDD4FBF000B3BA0 /* Assets.xcassets */; };
		84E0D8FA1BDD4FBF000B3BA0 /* LaunchScreen.storyboard in Resources */ = {isa = PBXBuildFile; fileRef = 84E0D8F81BDD4FBF000B3BA0 /* LaunchScreen.storyboard */; };
		84E0D9051BDD4FBF000B3BA0 /* Nevedrov_lab_2Tests.m in Sources */ = {isa = PBXBuildFile; fileRef = 84E0D9041BDD4FBF000B3BA0 /* Nevedrov_lab_2Tests.m */; };
		84E0D9101BDD4FBF000B3BA0 /* Nevedrov_lab_2UITests.m in Sources */ = {isa = PBXBuildFile; fileRef = 84E0D90F1BDD4FBF000B3BA0 /* Nevedrov_lab_2UITests.m */; };
/* End PBXBuildFile section */

/* Begin PBXContainerItemProxy section */
		84E0D9011BDD4FBF000B3BA0 /* PBXContainerItemProxy */ = {
			isa = PBXContainerItemProxy;
			containerPortal = 84E0D8DF1BDD4FBF000B3BA0 /* Project object */;
			proxyType = 1;
			remoteGlobalIDString = 84E0D8E61BDD4FBF000B3BA0;
			remoteInfo = Nevedrov_lab_2;
		};
		84E0D90C1BDD4FBF000B3BA0 /* PBXContainerItemProxy */ = {
			isa = PBXContainerItemProxy;
			containerPortal = 84E0D8DF1BDD4FBF000B3BA0 /* Project object */;
			proxyType = 1;
			remoteGlobalIDString = 84E0D8E61BDD4FBF000B3BA0;
			remoteInfo = Nevedrov_lab_2;
		};
/* End PBXContainerItemProxy section */

/* Begin PBXFileReference section */
		84E0D8E71BDD4FBF000B3BA0 /* Nevedrov_lab_2.app */ = {isa = PBXFileReference; explicitFileType = wrapper.application; includeInIndex = 0; path = Nevedrov_lab_2.app; sourceTree = BUILT_PRODUCTS_DIR; };
		84E0D8EB1BDD4FBF000B3BA0 /* main.m */ = {isa = PBXFileReference; lastKnownFileType = sourcecode.c.objc; path = main.m; sourceTree = "<group>"; };
		84E0D8ED1BDD4FBF000B3BA0 /* AppDelegate.h */ = {isa = PBXFileReference; lastKnownFileType = sourcecode.c.h; path = AppDelegate.h; sourceTree = "<group>"; };
		84E0D8EE1BDD4FBF000B3BA0 /* AppDelegate.m */ = {isa = PBXFileReference; lastKnownFileType = sourcecode.c.objc; path = AppDelegate.m; sourceTree = "<group>"; };
		84E0D8F01BDD4FBF000B3BA0 /* ViewController.h */ = {isa = PBXFileReference; lastKnownFileType = sourcecode.c.h; path = ViewController.h; sourceTree = "<group>"; };
		84E0D8F11BDD4FBF000B3BA0 /* ViewController.m */ = {isa = PBXFileReference; lastKnownFileType = sourcecode.c.objc; path = ViewController.m; sourceTree = "<group>"; };
		84E0D8F41BDD4FBF000B3BA0 /* Base */ = {isa = PBXFileReference; lastKnownFileType = file.storyboard; name = Base; path = Base.lproj/Main.storyboard; sourceTree = "<group>"; };
		84E0D8F61BDD4FBF000B3BA0 /* Assets.xcassets */ = {isa = PBXFileReference; lastKnownFileType = folder.assetcatalog; path = Assets.xcassets; sourceTree = "<group>"; };
		84E0D8F91BDD4FBF000B3BA0 /* Base */ = {isa = PBXFileReference; lastKnownFileType = file.storyboard; name = Base; path = Base.lproj/LaunchScreen.storyboard; sourceTree = "<group>"; };
		84E0D8FB1BDD4FBF000B3BA0 /* Info.plist */ = {isa = PBXFileReference; lastKnownFileType = text.plist.xml; path = Info.plist; sourceTree = "<group>"; };
		84E0D9001BDD4FBF000B3BA0 /* Nevedrov_lab_2Tests.xctest */ = {isa = PBXFileReference; explicitFileType = wrapper.cfbundle; includeInIndex = 0; path = Nevedrov_lab_2Tests.xctest; sourceTree = BUILT_PRODUCTS_DIR; };
		84E0D9041BDD4FBF000B3BA0 /* Nevedrov_lab_2Tests.m */ = {isa = PBXFileReference; lastKnownFileType = sourcecode.c.objc; path = Nevedrov_lab_2Tests.m; sourceTree = "<group>"; };
		84E0D9061BDD4FBF000B3BA0 /* Info.plist */ = {isa = PBXFileReference; lastKnownFileType = text.plist.xml; path = Info.plist; sourceTree = "<group>"; };
		84E0D90B1BDD4FBF000B3BA0 /* Nevedrov_lab_2UITests.xctest */ = {isa = PBXFileReference; explicitFileType = wrapper.cfbundle; includeInIndex = 0; path = Nevedrov_lab_2UITests.xctest; sourceTree = BUILT_PRODUCTS_DIR; };
		84E0D90F1BDD4FBF000B3BA0 /* Nevedrov_lab_2UITests.m */ = {isa = PBXFileReference; lastKnownFileType = sourcecode.c.objc; path = Nevedrov_lab_2UITests.m; sourceTree = "<group>"; };
		84E0D9111BDD4FBF000B3BA0 /* Info.plist */ = {isa = PBXFileReference; lastKnownFileType = text.plist.xml; path = Info.plist; sourceTree = "<group>"; };
/* End PBXFileReference section */

/* Begin PBXFrameworksBuildPhase section */
		84E0D8E41BDD4FBF000B3BA0 /* Frameworks */ = {
			isa = PBXFrameworksBuildPhase;
			buildActionMask = 2147483647;
			files = (
			);
			runOnlyForDeploymentPostprocessing = 0;
		};
		84E0D8FD1BDD4FBF000B3BA0 /* Frameworks */ = {
			isa = PBXFrameworksBuildPhase;
			buildActionMask = 2147483647;
			files = (
			);
			runOnlyForDeploymentPostprocessing = 0;
		};
		84E0D9081BDD4FBF000B3BA0 /* Frameworks */ = {
			isa = PBXFrameworksBuildPhase;
			buildActionMask = 2147483647;
			files = (
			);
			runOnlyForDeploymentPostprocessing = 0;
		};
/* End PBXFrameworksBuildPhase section */

/* Begin PBXGroup section */
		84E0D8DE1BDD4FBF000B3BA0 = {
			isa = PBXGroup;
			children = (
				84E0D8E91BDD4FBF000B3BA0 /* Nevedrov_lab_2 */,
				84E0D9031BDD4FBF000B3BA0 /* Nevedrov_lab_2Tests */,
				84E0D90E1BDD4FBF000B3BA0 /* Nevedrov_lab_2UITests */,
				84E0D8E81BDD4FBF000B3BA0 /* Products */,
			);
			sourceTree = "<group>";
		};
		84E0D8E81BDD4FBF000B3BA0 /* Products */ = {
			isa = PBXGroup;
			children = (
				84E0D8E71BDD4FBF000B3BA0 /* Nevedrov_lab_2.app */,
				84E0D9001BDD4FBF000B3BA0 /* Nevedrov_lab_2Tests.xctest */,
				84E0D90B1BDD4FBF000B3BA0 /* Nevedrov_lab_2UITests.xctest */,
			);
			name = Products;
			sourceTree = "<group>";
		};
		84E0D8E91BDD4FBF000B3BA0 /* Nevedrov_lab_2 */ = {
			isa = PBXGroup;
			children = (
				84E0D8ED1BDD4FBF000B3BA0 /* AppDelegate.h */,
				84E0D8EE1BDD4FBF000B3BA0 /* AppDelegate.m */,
				84E0D8F01BDD4FBF000B3BA0 /* ViewController.h */,
				84E0D8F11BDD4FBF000B3BA0 /* ViewController.m */,
				84E0D8F31BDD4FBF000B3BA0 /* Main.storyboard */,
				84E0D8F61BDD4FBF000B3BA0 /* Assets.xcassets */,
				84E0D8F81BDD4FBF000B3BA0 /* LaunchScreen.storyboard */,
				84E0D8FB1BDD4FBF000B3BA0 /* Info.plist */,
				84E0D8EA1BDD4FBF000B3BA0 /* Supporting Files */,
			);
			path = Nevedrov_lab_2;
			sourceTree = "<group>";
		};
		84E0D8EA1BDD4FBF000B3BA0 /* Supporting Files */ = {
			isa = PBXGroup;
			children = (
				84E0D8EB1BDD4FBF000B3BA0 /* main.m */,
			);
			name = "Supporting Files";
			sourceTree = "<group>";
		};
		84E0D9031BDD4FBF000B3BA0 /* Nevedrov_lab_2Tests */ = {
			isa = PBXGroup;
			children = (
				84E0D9041BDD4FBF000B3BA0 /* Nevedrov_lab_2Tests.m */,
				84E0D9061BDD4FBF000B3BA0 /* Info.plist */,
			);
			path = Nevedrov_lab_2Tests;
			sourceTree = "<group>";
		};
		84E0D90E1BDD4FBF000B3BA0 /* Nevedrov_lab_2UITests */ = {
			isa = PBXGroup;
			children = (
				84E0D90F1BDD4FBF000B3BA0 /* Nevedrov_lab_2UITests.m */,
				84E0D9111BDD4FBF000B3BA0 /* Info.plist */,
			);
			path = Nevedrov_lab_2UITests;
			sourceTree = "<group>";
		};
/* End PBXGroup section */

/* Begin PBXNativeTarget section */
		84E0D8E61BDD4FBF000B3BA0 /* Nevedrov_lab_2 */ = {
			isa = PBXNativeTarget;
			buildConfigurationList = 84E0D9141BDD4FBF000B3BA0 /* Build configuration list for PBXNativeTarget "Nevedrov_lab_2" */;
			buildPhases = (
				84E0D8E31BDD4FBF000B3BA0 /* Sources */,
				84E0D8E41BDD4FBF000B3BA0 /* Frameworks */,
				84E0D8E51BDD4FBF000B3BA0 /* Resources */,
			);
			buildRules = (
			);
			dependencies = (
			);
			name = Nevedrov_lab_2;
			productName = Nevedrov_lab_2;
			productReference = 84E0D8E71BDD4FBF000B3BA0 /* Nevedrov_lab_2.app */;
			productType = "com.apple.product-type.application";
		};
		84E0D8FF1BDD4FBF000B3BA0 /* Nevedrov_lab_2Tests */ = {
			isa = PBXNativeTarget;
			buildConfigurationList = 84E0D9171BDD4FBF000B3BA0 /* Build configuration list for PBXNativeTarget "Nevedrov_lab_2Tests" */;
			buildPhases = (
				84E0D8FC1BDD4FBF000B3BA0 /* Sources */,
				84E0D8FD1BDD4FBF000B3BA0 /* Frameworks */,
				84E0D8FE1BDD4FBF000B3BA0 /* Resources */,
			);
			buildRules = (
			);
			dependencies = (
				84E0D9021BDD4FBF000B3BA0 /* PBXTargetDependency */,
			);
			name = Nevedrov_lab_2Tests;
			productName = Nevedrov_lab_2Tests;
			productReference = 84E0D9001BDD4FBF000B3BA0 /* Nevedrov_lab_2Tests.xctest */;
			productType = "com.apple.product-type.bundle.unit-test";
		};
		84E0D90A1BDD4FBF000B3BA0 /* Nevedrov_lab_2UITests */ = {
			isa = PBXNativeTarget;
			buildConfigurationList = 84E0D91A1BDD4FBF000B3BA0 /* Build configuration list for PBXNativeTarget "Nevedrov_lab_2UITests" */;
			buildPhases = (
				84E0D9071BDD4FBF000B3BA0 /* Sources */,
				84E0D9081BDD4FBF000B3BA0 /* Frameworks */,
				84E0D9091BDD4FBF000B3BA0 /* Resources */,
			);
			buildRules = (
			);
			dependencies = (
				84E0D90D1BDD4FBF000B3BA0 /* PBXTargetDependency */,
			);
			name = Nevedrov_lab_2UITests;
			productName = Nevedrov_lab_2UITests;
			productReference = 84E0D90B1BDD4FBF000B3BA0 /* Nevedrov_lab_2UITests.xctest */;
			productType = "com.apple.product-type.bundle.ui-testing";
		};
/* End PBXNativeTarget section */

/* Begin PBXProject section */
		84E0D8DF1BDD4FBF000B3BA0 /* Project object */ = {
			isa = PBXProject;
			attributes = {
				LastUpgradeCheck = 0710;
				ORGANIZATIONNAME = Admin;
				TargetAttributes = {
					84E0D8E61BDD4FBF000B3BA0 = {
						CreatedOnToolsVersion = 7.1;
					};
					84E0D8FF1BDD4FBF000B3BA0 = {
						CreatedOnToolsVersion = 7.1;
						TestTargetID = 84E0D8E61BDD4FBF000B3BA0;
					};
					84E0D90A1BDD4FBF000B3BA0 = {
						CreatedOnToolsVersion = 7.1;
						TestTargetID = 84E0D8E61BDD4FBF000B3BA0;
					};
				};
			};
			buildConfigurationList = 84E0D8E21BDD4FBF000B3BA0 /* Build configuration list for PBXProject "Nevedrov_lab_2" */;
			compatibilityVersion = "Xcode 3.2";
			developmentRegion = English;
			hasScannedForEncodings = 0;
			knownRegions = (
				en,
				Base,
			);
			mainGroup = 84E0D8DE1BDD4FBF000B3BA0;
			productRefGroup = 84E0D8E81BDD4FBF000B3BA0 /* Products */;
			projectDirPath = "";
			projectRoot = "";
			targets = (
				84E0D8E61BDD4FBF000B3BA0 /* Nevedrov_lab_2 */,
				84E0D8FF1BDD4FBF000B3BA0 /* Nevedrov_lab_2Tests */,
				84E0D90A1BDD4FBF000B3BA0 /* Nevedrov_lab_2UITests */,
			);
		};
/* End PBXProject section */

/* Begin PBXResourcesBuildPhase section */
		84E0D8E51BDD4FBF000B3BA0 /* Resources */ = {
			isa = PBXResourcesBuildPhase;
			buildActionMask = 2147483647;
			files = (
				84E0D8FA1BDD4FBF000B3BA0 /* LaunchScreen.storyboard in Resources */,
				84E0D8F71BDD4FBF000B3BA0 /* Assets.xcassets in Resources */,
				84E0D8F51BDD4FBF000B3BA0 /* Main.storyboard in Resources */,
			);
			runOnlyForDeploymentPostprocessing = 0;
		};
		84E0D8FE1BDD4FBF000B3BA0 /* Resources */ = {
			isa = PBXResourcesBuildPhase;
			buildActionMask = 2147483647;
			files = (
			);
			runOnlyForDeploymentPostprocessing = 0;
		};
		84E0D9091BDD4FBF000B3BA0 /* Resources */ = {
			isa = PBXResourcesBuildPhase;
			buildActionMask = 2147483647;
			files = (
			);
			runOnlyForDeploymentPostprocessing = 0;
		};
/* End PBXResourcesBuildPhase section */

/* Begin PBXSourcesBuildPhase section */
		84E0D8E31BDD4FBF000B3BA0 /* Sources */ = {
			isa = PBXSourcesBuildPhase;
			buildActionMask = 2147483647;
			files = (
				84E0D8F21BDD4FBF000B3BA0 /* ViewController.m in Sources */,
				84E0D8EF1BDD4FBF000B3BA0 /* AppDelegate.m in Sources */,
				84E0D8EC1BDD4FBF000B3BA0 /* main.m in Sources */,
			);
			runOnlyForDeploymentPostprocessing = 0;
		};
		84E0D8FC1BDD4FBF000B3BA0 /* Sources */ = {
			isa = PBXSourcesBuildPhase;
			buildActionMask = 2147483647;
			files = (
				84E0D9051BDD4FBF000B3BA0 /* Nevedrov_lab_2Tests.m in Sources */,
			);
			runOnlyForDeploymentPostprocessing = 0;
		};
		84E0D9071BDD4FBF000B3BA0 /* Sources */ = {
			isa = PBXSourcesBuildPhase;
			buildActionMask = 2147483647;
			files = (
				84E0D9101BDD4FBF000B3BA0 /* Nevedrov_lab_2UITests.m in Sources */,
			);
			runOnlyForDeploymentPostprocessing = 0;
		};
/* End PBXSourcesBuildPhase section */

/* Begin PBXTargetDependency section */
		84E0D9021BDD4FBF000B3BA0 /* PBXTargetDependency */ = {
			isa = PBXTargetDependency;
			target = 84E0D8E61BDD4FBF000B3BA0 /* Nevedrov_lab_2 */;
			targetProxy = 84E0D9011BDD4FBF000B3BA0 /* PBXContainerItemProxy */;
		};
		84E0D90D1BDD4FBF000B3BA0 /* PBXTargetDependency */ = {
			isa = PBXTargetDependency;
			target = 84E0D8E61BDD4FBF000B3BA0 /* Nevedrov_lab_2 */;
			targetProxy = 84E0D90C1BDD4FBF000B3BA0 /* PBXContainerItemProxy */;
		};
/* End PBXTargetDependency section */

/* Begin PBXVariantGroup section */
		84E0D8F31BDD4FBF000B3BA0 /* Main.storyboard */ = {
			isa = PBXVariantGroup;
			children = (
				84E0D8F41BDD4FBF000B3BA0 /* Base */,
			);
			name = Main.storyboard;
			sourceTree = "<group>";
		};
		84E0D8F81BDD4FBF000B3BA0 /* LaunchScreen.storyboard */ = {
			isa = PBXVariantGroup;
			children = (
				84E0D8F91BDD4FBF000B3BA0 /* Base */,
			);
			name = LaunchScreen.storyboard;
			sourceTree = "<group>";
		};
/* End PBXVariantGroup section */

/* Begin XCBuildConfiguration section */
		84E0D9121BDD4FBF000B3BA0 /* Debug */ = {
			isa = XCBuildConfiguration;
			buildSettings = {
				ALWAYS_SEARCH_USER_PATHS = NO;
				CLANG_CXX_LANGUAGE_STANDARD = "gnu++0x";
				CLANG_CXX_LIBRARY = "libc++";
				CLANG_ENABLE_MODULES = YES;
				CLANG_ENABLE_OBJC_ARC = YES;
				CLANG_WARN_BOOL_CONVERSION = YES;
				CLANG_WARN_CONSTANT_CONVERSION = YES;
				CLANG_WARN_DIRECT_OBJC_ISA_USAGE = YES_ERROR;
				CLANG_WARN_EMPTY_BODY = YES;
				CLANG_WARN_ENUM_CONVERSION = YES;
				CLANG_WARN_INT_CONVERSION = YES;
				CLANG_WARN_OBJC_ROOT_CLASS = YES_ERROR;
				CLANG_WARN_UNREACHABLE_CODE = YES;
				CLANG_WARN__DUPLICATE_METHOD_MATCH = YES;
				"CODE_SIGN_IDENTITY[sdk=iphoneos*]" = "iPhone Developer";
				COPY_PHASE_STRIP = NO;
				DEBUG_INFORMATION_FORMAT = dwarf;
				ENABLE_STRICT_OBJC_MSGSEND = YES;
				ENABLE_TESTABILITY = YES;
				GCC_C_LANGUAGE_STANDARD = gnu99;
				GCC_DYNAMIC_NO_PIC = NO;
				GCC_NO_COMMON_BLOCKS = YES;
				GCC_OPTIMIZATION_LEVEL = 0;
				GCC_PREPROCESSOR_DEFINITIONS = (
					"DEBUG=1",
					"$(inherited)",
				);
				GCC_WARN_64_TO_32_BIT_CONVERSION = YES;
				GCC_WARN_ABOUT_RETURN_TYPE = YES_ERROR;
				GCC_WARN_UNDECLARED_SELECTOR = YES;
				GCC_WARN_UNINITIALIZED_AUTOS = YES_AGGRESSIVE;
				GCC_WARN_UNUSED_FUNCTION = YES;
				GCC_WARN_UNUSED_VARIABLE = YES;
				IPHONEOS_DEPLOYMENT_TARGET = 9.1;
				MTL_ENABLE_DEBUG_INFO = YES;
				ONLY_ACTIVE_ARCH = YES;
				SDKROOT = iphoneos;
				TARGETED_DEVICE_FAMILY = "1,2";
			};
			name = Debug;
		};
		84E0D9131BDD4FBF000B3BA0 /* Release */ = {
			isa = XCBuildConfiguration;
			buildSettings = {
				ALWAYS_SEARCH_USER_PATHS = NO;
				CLANG_CXX_LANGUAGE_STANDARD = "gnu++0x";
				CLANG_CXX_LIBRARY = "libc++";
				CLANG_ENABLE_MODULES = YES;
				CLANG_ENABLE_OBJC_ARC = YES;
				CLANG_WARN_BOOL_CONVERSION = YES;
				CLANG_WARN_CONSTANT_CONVERSION = YES;
				CLANG_WARN_DIRECT_OBJC_ISA_USAGE = YES_ERROR;
				CLANG_WARN_EMPTY_BODY = YES;
				CLANG_WARN_ENUM_CONVERSION = YES;
				CLANG_WARN_INT_CONVERSION = YES;
				CLANG_WARN_OBJC_ROOT_CLASS = YES_ERROR;
				CLANG_WARN_UNREACHABLE_CODE = YES;
				CLANG_WARN__DUPLICATE_METHOD_MATCH = YES;
				"CODE_SIGN_IDENTITY[sdk=iphoneos*]" = "iPhone Developer";
				COPY_PHASE_STRIP = NO;
				DEBUG_INFORMATION_FORMAT = "dwarf-with-dsym";
				ENABLE_NS_ASSERTIONS = NO;
				ENABLE_STRICT_OBJC_MSGSEND = YES;
				GCC_C_LANGUAGE_STANDARD = gnu99;
				GCC_NO_COMMON_BLOCKS = YES;
				GCC_WARN_64_TO_32_BIT_CONVERSION = YES;
				GCC_WARN_ABOUT_RETURN_TYPE = YES_ERROR;
				GCC_WARN_UNDECLARED_SELECTOR = YES;
				GCC_WARN_UNINITIALIZED_AUTOS = YES_AGGRESSIVE;
				GCC_WARN_UNUSED_FUNCTION = YES;
				GCC_WARN_UNUSED_VARIABLE = YES;
				IPHONEOS_DEPLOYMENT_TARGET = 9.1;
				MTL_ENABLE_DEBUG_INFO = NO;
				SDKROOT = iphoneos;
				TARGETED_DEVICE_FAMILY = "1,2";
				VALIDATE_PRODUCT = YES;
			};
			name = Release;
		};
		84E0D9151BDD4FBF000B3BA0 /* Debug */ = {
			isa = XCBuildConfiguration;
			buildSettings = {
				ASSETCATALOG_COMPILER_APPICON_NAME = AppIcon;
				INFOPLIST_FILE = Nevedrov_lab_2/Info.plist;
				LD_RUNPATH_SEARCH_PATHS = "$(inherited) @executable_path/Frameworks";
				PRODUCT_BUNDLE_IDENTIFIER = "NK.Nevedrov-lab-2";
				PRODUCT_NAME = "$(TARGET_NAME)";
			};
			name = Debug;
		};
		84E0D9161BDD4FBF000B3BA0 /* Release */ = {
			isa = XCBuildConfiguration;
			buildSettings = {
				ASSETCATALOG_COMPILER_APPICON_NAME = AppIcon;
				INFOPLIST_FILE = Nevedrov_lab_2/Info.plist;
				LD_RUNPATH_SEARCH_PATHS = "$(inherited) @executable_path/Frameworks";
				PRODUCT_BUNDLE_IDENTIFIER = "NK.Nevedrov-lab-2";
				PRODUCT_NAME = "$(TARGET_NAME)";
			};
			name = Release;
		};
		84E0D9181BDD4FBF000B3BA0 /* Debug */ = {
			isa = XCBuildConfiguration;
			buildSettings = {
				BUNDLE_LOADER = "$(TEST_HOST)";
				INFOPLIST_FILE = Nevedrov_lab_2Tests/Info.plist;
				LD_RUNPATH_SEARCH_PATHS = "$(inherited) @executable_path/Frameworks @loader_path/Frameworks";
				PRODUCT_BUNDLE_IDENTIFIER = "NK.Nevedrov-lab-2Tests";
				PRODUCT_NAME = "$(TARGET_NAME)";
				TEST_HOST = "$(BUILT_PRODUCTS_DIR)/Nevedrov_lab_2.app/Nevedrov_lab_2";
			};
			name = Debug;
		};
		84E0D9191BDD4FBF000B3BA0 /* Release */ = {
			isa = XCBuildConfiguration;
			buildSettings = {
				BUNDLE_LOADER = "$(TEST_HOST)";
				INFOPLIST_FILE = Nevedrov_lab_2Tests/Info.plist;
				LD_RUNPATH_SEARCH_PATHS = "$(inherited) @executable_path/Frameworks @loader_path/Frameworks";
				PRODUCT_BUNDLE_IDENTIFIER = "NK.Nevedrov-lab-2Tests";
				PRODUCT_NAME = "$(TARGET_NAME)";
				TEST_HOST = "$(BUILT_PRODUCTS_DIR)/Nevedrov_lab_2.app/Nevedrov_lab_2";
			};
			name = Release;
		};
		84E0D91B1BDD4FBF000B3BA0 /* Debug */ = {
			isa = XCBuildConfiguration;
			buildSettings = {
				INFOPLIST_FILE = Nevedrov_lab_2UITests/Info.plist;
				LD_RUNPATH_SEARCH_PATHS = "$(inherited) @executable_path/Frameworks @loader_path/Frameworks";
				PRODUCT_BUNDLE_IDENTIFIER = "NK.Nevedrov-lab-2UITests";
				PRODUCT_NAME = "$(TARGET_NAME)";
				TEST_TARGET_NAME = Nevedrov_lab_2;
				USES_XCTRUNNER = YES;
			};
			name = Debug;
		};
		84E0D91C1BDD4FBF000B3BA0 /* Release */ = {
			isa = XCBuildConfiguration;
			buildSettings = {
				INFOPLIST_FILE = Nevedrov_lab_2UITests/Info.plist;
				LD_RUNPATH_SEARCH_PATHS = "$(inherited) @executable_path/Frameworks @loader_path/Frameworks";
				PRODUCT_BUNDLE_IDENTIFIER = "NK.Nevedrov-lab-2UITests";
				PRODUCT_NAME = "$(TARGET_NAME)";
				TEST_TARGET_NAME = Nevedrov_lab_2;
				USES_XCTRUNNER = YES;
			};
			name = Release;
		};
/* End XCBuildConfiguration section */

/* Begin XCConfigurationList section */
		84E0D8E21BDD4FBF000B3BA0 /* Build configuration list for PBXProject "Nevedrov_lab_2" */ = {
			isa = XCConfigurationList;
			buildConfigurations = (
				84E0D9121BDD4FBF000B3BA0 /* Debug */,
				84E0D9131BDD4FBF000B3BA0 /* Release */,
			);
			defaultConfigurationIsVisible = 0;
			defaultConfigurationName = Release;
		};
		84E0D9141BDD4FBF000B3BA0 /* Build configuration list for PBXNativeTarget "Nevedrov_lab_2" */ = {
			isa = XCConfigurationList;
			buildConfigurations = (
				84E0D9151BDD4FBF000B3BA0 /* Debug */,
				84E0D9161BDD4FBF000B3BA0 /* Release */,
			);
			defaultConfigurationIsVisible = 0;
		};
		84E0D9171BDD4FBF000B3BA0 /* Build configuration list for PBXNativeTarget "Nevedrov_lab_2Tests" */ = {
			isa = XCConfigurationList;
			buildConfigurations = (
				84E0D9181BDD4FBF000B3BA0 /* Debug */,
				84E0D9191BDD4FBF000B3BA0 /* Release */,
			);
			defaultConfigurationIsVisible = 0;
		};
		84E0D91A1BDD4FBF000B3BA0 /* Build configuration list for PBXNativeTarget "Nevedrov_lab_2UITests" */ = {
			isa = XCConfigurationList;
			buildConfigurations = (
				84E0D91B1BDD4FBF000B3BA0 /* Debug */,
				84E0D91C1BDD4FBF000B3BA0 /* Release */,
			);
			defaultConfigurationIsVisible = 0;
		};
/* End XCConfigurationList section */
	};
	rootObject = 84E0D8DF1BDD4FBF000B3BA0 /* Project object */;
}
